// !$*UTF8*$!
{
	archiveVersion = 1;
	classes = {
	};
	objectVersion = 77;
	objects = {

/* Begin PBXBuildFile section */
		E919E5142CEDE66A009B4B01 /* MachInjectorUI in Frameworks */ = {isa = PBXBuildFile; productRef = E919E5132CEDE66A009B4B01 /* MachInjectorUI */; };
		E919E5282CEDF4F6009B4B01 /* main.swift in Sources */ = {isa = PBXBuildFile; fileRef = E919E5262CEDF4F6009B4B01 /* main.swift */; };
		E919E5302CEDF4FE009B4B01 /* Assets.xcassets in Resources */ = {isa = PBXBuildFile; fileRef = E919E52A2CEDF4FE009B4B01 /* Assets.xcassets */; };
		E919E5312CEDF4FE009B4B01 /* Main.storyboard in Resources */ = {isa = PBXBuildFile; fileRef = E919E52D2CEDF4FE009B4B01 /* Main.storyboard */; };
		E919E5322CEDF4FE009B4B01 /* AppDelegate.swift in Sources */ = {isa = PBXBuildFile; fileRef = E919E5292CEDF4FE009B4B01 /* AppDelegate.swift */; };
		E919E5332CEDF4FE009B4B01 /* ViewController.swift in Sources */ = {isa = PBXBuildFile; fileRef = E919E52E2CEDF4FE009B4B01 /* ViewController.swift */; };
		E938442A2CF01AEA004916A8 /* XPCBridge in Frameworks */ = {isa = PBXBuildFile; productRef = E93844292CF01AEA004916A8 /* XPCBridge */; };
		E938442C2CF01AF8004916A8 /* XPCBridge in Frameworks */ = {isa = PBXBuildFile; productRef = E938442B2CF01AF8004916A8 /* XPCBridge */; };
		E938442F2CF01E00004916A8 /* SMJobKit in Frameworks */ = {isa = PBXBuildFile; productRef = E938442E2CF01E00004916A8 /* SMJobKit */; };
		E957BC522CEF1FB70021E76F /* com.machinjector.example.injectd in Embed LaunchServices */ = {isa = PBXBuildFile; fileRef = E919E5192CEDE90C009B4B01 /* com.machinjector.example.injectd */; settings = {ATTRIBUTES = (CodeSignOnCopy, ); }; };
		E9668FFE2CEF8D8D007B344A /* MachInjector in Frameworks */ = {isa = PBXBuildFile; productRef = E9668FFD2CEF8D8D007B344A /* MachInjector */; };
		E96CB4B82CEF970100C3DE77 /* SwiftyXPC in Frameworks */ = {isa = PBXBuildFile; productRef = E96CB4B72CEF970100C3DE77 /* SwiftyXPC */; };
		E96CB4BB2CEF971700C3DE77 /* LaunchServicesPrivate in Frameworks */ = {isa = PBXBuildFile; productRef = E96CB4BA2CEF971700C3DE77 /* LaunchServicesPrivate */; };
		E96CB4BD2CEF972C00C3DE77 /* SwiftyXPC in Frameworks */ = {isa = PBXBuildFile; productRef = E96CB4BC2CEF972C00C3DE77 /* SwiftyXPC */; };
		E96CB4BF2CEF973C00C3DE77 /* MachInjectHostDelegate.swift in Sources */ = {isa = PBXBuildFile; fileRef = E96CB4BE2CEF973C00C3DE77 /* MachInjectHostDelegate.swift */; };
		E97E5EBE2CF0FB35006B11AA /* TestFramework.framework in Frameworks */ = {isa = PBXBuildFile; fileRef = E97E5EB82CF0FB35006B11AA /* TestFramework.framework */; };
		E97E5EBF2CF0FB35006B11AA /* TestFramework.framework in Embed Frameworks */ = {isa = PBXBuildFile; fileRef = E97E5EB82CF0FB35006B11AA /* TestFramework.framework */; settings = {ATTRIBUTES = (CodeSignOnCopy, RemoveHeadersOnCopy, ); }; };
/* End PBXBuildFile section */

/* Begin PBXContainerItemProxy section */
		E957BC532CEF1FBA0021E76F /* PBXContainerItemProxy */ = {
			isa = PBXContainerItemProxy;
			containerPortal = E919E4C42CED73D6009B4B01 /* Project object */;
			proxyType = 1;
			remoteGlobalIDString = E919E5182CEDE90C009B4B01;
			remoteInfo = com.machinjector.example.injectd;
		};
		E97E5EBC2CF0FB35006B11AA /* PBXContainerItemProxy */ = {
			isa = PBXContainerItemProxy;
			containerPortal = E919E4C42CED73D6009B4B01 /* Project object */;
			proxyType = 1;
			remoteGlobalIDString = E97E5EB72CF0FB35006B11AA;
			remoteInfo = TestFramework;
		};
/* End PBXContainerItemProxy section */

/* Begin PBXCopyFilesBuildPhase section */
		E957BC512CEF1FB00021E76F /* Embed LaunchServices */ = {
			isa = PBXCopyFilesBuildPhase;
			buildActionMask = 2147483647;
			dstPath = Contents/Library/LaunchServices;
			dstSubfolderSpec = 1;
			files = (
				E957BC522CEF1FB70021E76F /* com.machinjector.example.injectd in Embed LaunchServices */,
			);
			name = "Embed LaunchServices";
			runOnlyForDeploymentPostprocessing = 0;
		};
		E97E5EC02CF0FB35006B11AA /* Embed Frameworks */ = {
			isa = PBXCopyFilesBuildPhase;
			buildActionMask = 2147483647;
			dstPath = "";
			dstSubfolderSpec = 10;
			files = (
				E97E5EBF2CF0FB35006B11AA /* TestFramework.framework in Embed Frameworks */,
			);
			name = "Embed Frameworks";
			runOnlyForDeploymentPostprocessing = 0;
		};
/* End PBXCopyFilesBuildPhase section */

/* Begin PBXFileReference section */
		E919E4CC2CED73D6009B4B01 /* MachInjectorExample.app */ = {isa = PBXFileReference; explicitFileType = wrapper.application; includeInIndex = 0; path = MachInjectorExample.app; sourceTree = BUILT_PRODUCTS_DIR; };
		E919E5192CEDE90C009B4B01 /* com.machinjector.example.injectd */ = {isa = PBXFileReference; explicitFileType = "compiled.mach-o.executable"; includeInIndex = 0; path = com.machinjector.example.injectd; sourceTree = BUILT_PRODUCTS_DIR; };
		E919E5262CEDF4F6009B4B01 /* main.swift */ = {isa = PBXFileReference; lastKnownFileType = sourcecode.swift; path = main.swift; sourceTree = "<group>"; };
		E919E5292CEDF4FE009B4B01 /* AppDelegate.swift */ = {isa = PBXFileReference; lastKnownFileType = sourcecode.swift; path = AppDelegate.swift; sourceTree = "<group>"; };
		E919E52A2CEDF4FE009B4B01 /* Assets.xcassets */ = {isa = PBXFileReference; lastKnownFileType = folder.assetcatalog; path = Assets.xcassets; sourceTree = "<group>"; };
		E919E52B2CEDF4FE009B4B01 /* MachInjectorExample.entitlements */ = {isa = PBXFileReference; lastKnownFileType = text.plist.entitlements; path = MachInjectorExample.entitlements; sourceTree = "<group>"; };
		E919E52C2CEDF4FE009B4B01 /* Base */ = {isa = PBXFileReference; lastKnownFileType = file.storyboard; name = Base; path = Base.lproj/Main.storyboard; sourceTree = "<group>"; };
		E919E52E2CEDF4FE009B4B01 /* ViewController.swift */ = {isa = PBXFileReference; lastKnownFileType = sourcecode.swift; path = ViewController.swift; sourceTree = "<group>"; };
		E93844282CF01AD2004916A8 /* XPCBridge */ = {isa = PBXFileReference; lastKnownFileType = wrapper; name = XPCBridge; path = Packages/XPCBridge; sourceTree = "<group>"; };
		E957BC4C2CEF18D50021E76F /* Info.plist */ = {isa = PBXFileReference; lastKnownFileType = text.plist.xml; path = Info.plist; sourceTree = "<group>"; };
		E957BC4D2CEF1DA50021E76F /* Config.xcconfig */ = {isa = PBXFileReference; lastKnownFileType = text.xcconfig; path = Config.xcconfig; sourceTree = "<group>"; };
		E9668FF92CEF6EB6007B344A /* Info.plist */ = {isa = PBXFileReference; lastKnownFileType = text.plist.xml; path = Info.plist; sourceTree = "<group>"; };
		E9668FFA2CEF6EB6007B344A /* launchd.plist */ = {isa = PBXFileReference; lastKnownFileType = text.plist.xml; path = launchd.plist; sourceTree = "<group>"; };
		E96CB4BE2CEF973C00C3DE77 /* MachInjectHostDelegate.swift */ = {isa = PBXFileReference; lastKnownFileType = sourcecode.swift; path = MachInjectHostDelegate.swift; sourceTree = "<group>"; };
		E97E5EB82CF0FB35006B11AA /* TestFramework.framework */ = {isa = PBXFileReference; explicitFileType = wrapper.framework; includeInIndex = 0; path = TestFramework.framework; sourceTree = BUILT_PRODUCTS_DIR; };
/* End PBXFileReference section */

/* Begin PBXFileSystemSynchronizedBuildFileExceptionSet section */
		E97E5EC32CF0FB35006B11AA /* Exceptions for "TestFramework" folder in "TestFramework" target */ = {
			isa = PBXFileSystemSynchronizedBuildFileExceptionSet;
			publicHeaders = (
				TestFramework.h,
			);
			target = E97E5EB72CF0FB35006B11AA /* TestFramework */;
		};
/* End PBXFileSystemSynchronizedBuildFileExceptionSet section */

/* Begin PBXFileSystemSynchronizedRootGroup section */
		E97E5EB92CF0FB35006B11AA /* TestFramework */ = {
			isa = PBXFileSystemSynchronizedRootGroup;
			exceptions = (
				E97E5EC32CF0FB35006B11AA /* Exceptions for "TestFramework" folder in "TestFramework" target */,
			);
			path = TestFramework;
			sourceTree = "<group>";
		};
/* End PBXFileSystemSynchronizedRootGroup section */

/* Begin PBXFrameworksBuildPhase section */
		E919E4C92CED73D6009B4B01 /* Frameworks */ = {
			isa = PBXFrameworksBuildPhase;
			buildActionMask = 2147483647;
			files = (
				E919E5142CEDE66A009B4B01 /* MachInjectorUI in Frameworks */,
				E938442C2CF01AF8004916A8 /* XPCBridge in Frameworks */,
				E96CB4B82CEF970100C3DE77 /* SwiftyXPC in Frameworks */,
				E97E5EBE2CF0FB35006B11AA /* TestFramework.framework in Frameworks */,
				E938442F2CF01E00004916A8 /* SMJobKit in Frameworks */,
			);
			runOnlyForDeploymentPostprocessing = 0;
		};
		E919E5162CEDE90C009B4B01 /* Frameworks */ = {
			isa = PBXFrameworksBuildPhase;
			buildActionMask = 2147483647;
			files = (
				E9668FFE2CEF8D8D007B344A /* MachInjector in Frameworks */,
				E938442A2CF01AEA004916A8 /* XPCBridge in Frameworks */,
				E96CB4BD2CEF972C00C3DE77 /* SwiftyXPC in Frameworks */,
				E96CB4BB2CEF971700C3DE77 /* LaunchServicesPrivate in Frameworks */,
			);
			runOnlyForDeploymentPostprocessing = 0;
		};
		E97E5EB52CF0FB35006B11AA /* Frameworks */ = {
			isa = PBXFrameworksBuildPhase;
			buildActionMask = 2147483647;
			files = (
			);
			runOnlyForDeploymentPostprocessing = 0;
		};
/* End PBXFrameworksBuildPhase section */

/* Begin PBXGroup section */
		E919E4C32CED73D6009B4B01 = {
			isa = PBXGroup;
			children = (
				E93844282CF01AD2004916A8 /* XPCBridge */,
				E919E52F2CEDF4FE009B4B01 /* MachInjectorExample */,
				E919E5272CEDF4F6009B4B01 /* Injectd */,
				E97E5EB92CF0FB35006B11AA /* TestFramework */,
				E919E5202CEDE943009B4B01 /* Frameworks */,
				E919E4CD2CED73D6009B4B01 /* Products */,
			);
			sourceTree = "<group>";
		};
		E919E4CD2CED73D6009B4B01 /* Products */ = {
			isa = PBXGroup;
			children = (
				E919E4CC2CED73D6009B4B01 /* MachInjectorExample.app */,
				E919E5192CEDE90C009B4B01 /* com.machinjector.example.injectd */,
				E97E5EB82CF0FB35006B11AA /* TestFramework.framework */,
			);
			name = Products;
			sourceTree = "<group>";
		};
		E919E5202CEDE943009B4B01 /* Frameworks */ = {
			isa = PBXGroup;
			children = (
			);
			name = Frameworks;
			sourceTree = "<group>";
		};
		E919E5272CEDF4F6009B4B01 /* Injectd */ = {
			isa = PBXGroup;
			children = (
				E919E5262CEDF4F6009B4B01 /* main.swift */,
				E957BC4D2CEF1DA50021E76F /* Config.xcconfig */,
				E9668FF92CEF6EB6007B344A /* Info.plist */,
				E9668FFA2CEF6EB6007B344A /* launchd.plist */,
			);
			path = Injectd;
			sourceTree = "<group>";
		};
		E919E52F2CEDF4FE009B4B01 /* MachInjectorExample */ = {
			isa = PBXGroup;
			children = (
				E919E5292CEDF4FE009B4B01 /* AppDelegate.swift */,
				E919E52A2CEDF4FE009B4B01 /* Assets.xcassets */,
				E919E52B2CEDF4FE009B4B01 /* MachInjectorExample.entitlements */,
				E919E52D2CEDF4FE009B4B01 /* Main.storyboard */,
				E919E52E2CEDF4FE009B4B01 /* ViewController.swift */,
				E96CB4BE2CEF973C00C3DE77 /* MachInjectHostDelegate.swift */,
				E957BC4C2CEF18D50021E76F /* Info.plist */,
			);
			path = MachInjectorExample;
			sourceTree = "<group>";
		};
/* End PBXGroup section */

/* Begin PBXHeadersBuildPhase section */
		E97E5EB32CF0FB35006B11AA /* Headers */ = {
			isa = PBXHeadersBuildPhase;
			buildActionMask = 2147483647;
			files = (
			);
			runOnlyForDeploymentPostprocessing = 0;
		};
/* End PBXHeadersBuildPhase section */

/* Begin PBXNativeTarget section */
		E919E4CB2CED73D6009B4B01 /* MachInjectorExample */ = {
			isa = PBXNativeTarget;
			buildConfigurationList = E919E4DB2CED73D7009B4B01 /* Build configuration list for PBXNativeTarget "MachInjectorExample" */;
			buildPhases = (
				E919E4C82CED73D6009B4B01 /* Sources */,
				E919E4C92CED73D6009B4B01 /* Frameworks */,
				E919E4CA2CED73D6009B4B01 /* Resources */,
				E957BC512CEF1FB00021E76F /* Embed LaunchServices */,
				E97E5EC02CF0FB35006B11AA /* Embed Frameworks */,
			);
			buildRules = (
			);
			dependencies = (
				E957BC542CEF1FBA0021E76F /* PBXTargetDependency */,
				E97E5EBD2CF0FB35006B11AA /* PBXTargetDependency */,
			);
			name = MachInjectorExample;
			packageProductDependencies = (
				E919E5132CEDE66A009B4B01 /* MachInjectorUI */,
				E96CB4B72CEF970100C3DE77 /* SwiftyXPC */,
				E938442B2CF01AF8004916A8 /* XPCBridge */,
				E938442E2CF01E00004916A8 /* SMJobKit */,
			);
			productName = MachInjectorExample;
			productReference = E919E4CC2CED73D6009B4B01 /* MachInjectorExample.app */;
			productType = "com.apple.product-type.application";
		};
		E919E5182CEDE90C009B4B01 /* com.machinjector.example.injectd */ = {
			isa = PBXNativeTarget;
			buildConfigurationList = E919E51D2CEDE90C009B4B01 /* Build configuration list for PBXNativeTarget "com.machinjector.example.injectd" */;
			buildPhases = (
				E919E5152CEDE90C009B4B01 /* Sources */,
				E919E5162CEDE90C009B4B01 /* Frameworks */,
			);
			buildRules = (
			);
			dependencies = (
			);
			name = com.machinjector.example.injectd;
			packageProductDependencies = (
				E9668FFD2CEF8D8D007B344A /* MachInjector */,
				E96CB4BA2CEF971700C3DE77 /* LaunchServicesPrivate */,
				E96CB4BC2CEF972C00C3DE77 /* SwiftyXPC */,
				E93844292CF01AEA004916A8 /* XPCBridge */,
			);
			productName = com.machinjector.example.injectd;
			productReference = E919E5192CEDE90C009B4B01 /* com.machinjector.example.injectd */;
			productType = "com.apple.product-type.tool";
		};
		E97E5EB72CF0FB35006B11AA /* TestFramework */ = {
			isa = PBXNativeTarget;
			buildConfigurationList = E97E5EC42CF0FB35006B11AA /* Build configuration list for PBXNativeTarget "TestFramework" */;
			buildPhases = (
				E97E5EB32CF0FB35006B11AA /* Headers */,
				E97E5EB42CF0FB35006B11AA /* Sources */,
				E97E5EB52CF0FB35006B11AA /* Frameworks */,
				E97E5EB62CF0FB35006B11AA /* Resources */,
			);
			buildRules = (
			);
			dependencies = (
			);
			fileSystemSynchronizedGroups = (
				E97E5EB92CF0FB35006B11AA /* TestFramework */,
			);
			name = TestFramework;
			packageProductDependencies = (
			);
			productName = TestFramework;
			productReference = E97E5EB82CF0FB35006B11AA /* TestFramework.framework */;
			productType = "com.apple.product-type.framework";
		};
/* End PBXNativeTarget section */

/* Begin PBXProject section */
		E919E4C42CED73D6009B4B01 /* Project object */ = {
			isa = PBXProject;
			attributes = {
				BuildIndependentTargetsInParallel = 1;
				LastSwiftUpdateCheck = 1610;
				LastUpgradeCheck = 1610;
				TargetAttributes = {
					E919E4CB2CED73D6009B4B01 = {
						CreatedOnToolsVersion = 16.1;
					};
					E919E5182CEDE90C009B4B01 = {
						CreatedOnToolsVersion = 16.1;
					};
					E97E5EB72CF0FB35006B11AA = {
						CreatedOnToolsVersion = 16.1;
					};
				};
			};
			buildConfigurationList = E919E4C72CED73D6009B4B01 /* Build configuration list for PBXProject "MachInjectorExample" */;
			developmentRegion = en;
			hasScannedForEncodings = 0;
			knownRegions = (
				en,
				Base,
			);
			mainGroup = E919E4C32CED73D6009B4B01;
			minimizedProjectReferenceProxies = 1;
			packageReferences = (
				E919E5102CEDE66A009B4B01 /* XCLocalSwiftPackageReference "../../../MachInjector" */,
				E96CB4B62CEF970100C3DE77 /* XCRemoteSwiftPackageReference "SwiftyXPC" */,
				E96CB4B92CEF971700C3DE77 /* XCRemoteSwiftPackageReference "LaunchServicesPrivate" */,
				E938442D2CF01E00004916A8 /* XCRemoteSwiftPackageReference "SMJobKit" */,
			);
			preferredProjectObjectVersion = 77;
			productRefGroup = E919E4CD2CED73D6009B4B01 /* Products */;
			projectDirPath = "";
			projectRoot = "";
			targets = (
				E919E4CB2CED73D6009B4B01 /* MachInjectorExample */,
				E919E5182CEDE90C009B4B01 /* com.machinjector.example.injectd */,
				E97E5EB72CF0FB35006B11AA /* TestFramework */,
			);
		};
/* End PBXProject section */

/* Begin PBXResourcesBuildPhase section */
		E919E4CA2CED73D6009B4B01 /* Resources */ = {
			isa = PBXResourcesBuildPhase;
			buildActionMask = 2147483647;
			files = (
				E919E5302CEDF4FE009B4B01 /* Assets.xcassets in Resources */,
				E919E5312CEDF4FE009B4B01 /* Main.storyboard in Resources */,
			);
			runOnlyForDeploymentPostprocessing = 0;
		};
		E97E5EB62CF0FB35006B11AA /* Resources */ = {
			isa = PBXResourcesBuildPhase;
			buildActionMask = 2147483647;
			files = (
			);
			runOnlyForDeploymentPostprocessing = 0;
		};
/* End PBXResourcesBuildPhase section */

/* Begin PBXSourcesBuildPhase section */
		E919E4C82CED73D6009B4B01 /* Sources */ = {
			isa = PBXSourcesBuildPhase;
			buildActionMask = 2147483647;
			files = (
				E919E5322CEDF4FE009B4B01 /* AppDelegate.swift in Sources */,
				E96CB4BF2CEF973C00C3DE77 /* MachInjectHostDelegate.swift in Sources */,
				E919E5332CEDF4FE009B4B01 /* ViewController.swift in Sources */,
			);
			runOnlyForDeploymentPostprocessing = 0;
		};
		E919E5152CEDE90C009B4B01 /* Sources */ = {
			isa = PBXSourcesBuildPhase;
			buildActionMask = 2147483647;
			files = (
				E919E5282CEDF4F6009B4B01 /* main.swift in Sources */,
			);
			runOnlyForDeploymentPostprocessing = 0;
		};
		E97E5EB42CF0FB35006B11AA /* Sources */ = {
			isa = PBXSourcesBuildPhase;
			buildActionMask = 2147483647;
			files = (
			);
			runOnlyForDeploymentPostprocessing = 0;
		};
/* End PBXSourcesBuildPhase section */

/* Begin PBXTargetDependency section */
		E957BC542CEF1FBA0021E76F /* PBXTargetDependency */ = {
			isa = PBXTargetDependency;
			target = E919E5182CEDE90C009B4B01 /* com.machinjector.example.injectd */;
			targetProxy = E957BC532CEF1FBA0021E76F /* PBXContainerItemProxy */;
		};
		E97E5EBD2CF0FB35006B11AA /* PBXTargetDependency */ = {
			isa = PBXTargetDependency;
			target = E97E5EB72CF0FB35006B11AA /* TestFramework */;
			targetProxy = E97E5EBC2CF0FB35006B11AA /* PBXContainerItemProxy */;
		};
/* End PBXTargetDependency section */

/* Begin PBXVariantGroup section */
		E919E52D2CEDF4FE009B4B01 /* Main.storyboard */ = {
			isa = PBXVariantGroup;
			children = (
				E919E52C2CEDF4FE009B4B01 /* Base */,
			);
			name = Main.storyboard;
			sourceTree = "<group>";
		};
/* End PBXVariantGroup section */

/* Begin XCBuildConfiguration section */
		E919E4D92CED73D7009B4B01 /* Debug */ = {
			isa = XCBuildConfiguration;
			buildSettings = {
				ALWAYS_SEARCH_USER_PATHS = NO;
				ASSETCATALOG_COMPILER_GENERATE_SWIFT_ASSET_SYMBOL_EXTENSIONS = YES;
				CLANG_ANALYZER_NONNULL = YES;
				CLANG_ANALYZER_NUMBER_OBJECT_CONVERSION = YES_AGGRESSIVE;
				CLANG_CXX_LANGUAGE_STANDARD = "gnu++20";
				CLANG_ENABLE_MODULES = YES;
				CLANG_ENABLE_OBJC_ARC = YES;
				CLANG_ENABLE_OBJC_WEAK = YES;
				CLANG_WARN_BLOCK_CAPTURE_AUTORELEASING = YES;
				CLANG_WARN_BOOL_CONVERSION = YES;
				CLANG_WARN_COMMA = YES;
				CLANG_WARN_CONSTANT_CONVERSION = YES;
				CLANG_WARN_DEPRECATED_OBJC_IMPLEMENTATIONS = YES;
				CLANG_WARN_DIRECT_OBJC_ISA_USAGE = YES_ERROR;
				CLANG_WARN_DOCUMENTATION_COMMENTS = YES;
				CLANG_WARN_EMPTY_BODY = YES;
				CLANG_WARN_ENUM_CONVERSION = YES;
				CLANG_WARN_INFINITE_RECURSION = YES;
				CLANG_WARN_INT_CONVERSION = YES;
				CLANG_WARN_NON_LITERAL_NULL_CONVERSION = YES;
				CLANG_WARN_OBJC_IMPLICIT_RETAIN_SELF = YES;
				CLANG_WARN_OBJC_LITERAL_CONVERSION = YES;
				CLANG_WARN_OBJC_ROOT_CLASS = YES_ERROR;
				CLANG_WARN_QUOTED_INCLUDE_IN_FRAMEWORK_HEADER = YES;
				CLANG_WARN_RANGE_LOOP_ANALYSIS = YES;
				CLANG_WARN_STRICT_PROTOTYPES = YES;
				CLANG_WARN_SUSPICIOUS_MOVE = YES;
				CLANG_WARN_UNGUARDED_AVAILABILITY = YES_AGGRESSIVE;
				CLANG_WARN_UNREACHABLE_CODE = YES;
				CLANG_WARN__DUPLICATE_METHOD_MATCH = YES;
				COPY_PHASE_STRIP = NO;
				DEBUG_INFORMATION_FORMAT = dwarf;
				ENABLE_STRICT_OBJC_MSGSEND = YES;
				ENABLE_TESTABILITY = YES;
				ENABLE_USER_SCRIPT_SANDBOXING = YES;
				GCC_C_LANGUAGE_STANDARD = gnu17;
				GCC_DYNAMIC_NO_PIC = NO;
				GCC_NO_COMMON_BLOCKS = YES;
				GCC_OPTIMIZATION_LEVEL = 0;
				GCC_PREPROCESSOR_DEFINITIONS = (
					"DEBUG=1",
					"$(inherited)",
				);
				GCC_WARN_64_TO_32_BIT_CONVERSION = YES;
				GCC_WARN_ABOUT_RETURN_TYPE = YES_ERROR;
				GCC_WARN_UNDECLARED_SELECTOR = YES;
				GCC_WARN_UNINITIALIZED_AUTOS = YES_AGGRESSIVE;
				GCC_WARN_UNUSED_FUNCTION = YES;
				GCC_WARN_UNUSED_VARIABLE = YES;
				LOCALIZATION_PREFERS_STRING_CATALOGS = YES;
				MACOSX_DEPLOYMENT_TARGET = 15.1;
				MTL_ENABLE_DEBUG_INFO = INCLUDE_SOURCE;
				MTL_FAST_MATH = YES;
				ONLY_ACTIVE_ARCH = YES;
				SDKROOT = macosx;
				SWIFT_ACTIVE_COMPILATION_CONDITIONS = "DEBUG $(inherited)";
				SWIFT_OPTIMIZATION_LEVEL = "-Onone";
			};
			name = Debug;
		};
		E919E4DA2CED73D7009B4B01 /* Release */ = {
			isa = XCBuildConfiguration;
			buildSettings = {
				ALWAYS_SEARCH_USER_PATHS = NO;
				ASSETCATALOG_COMPILER_GENERATE_SWIFT_ASSET_SYMBOL_EXTENSIONS = YES;
				CLANG_ANALYZER_NONNULL = YES;
				CLANG_ANALYZER_NUMBER_OBJECT_CONVERSION = YES_AGGRESSIVE;
				CLANG_CXX_LANGUAGE_STANDARD = "gnu++20";
				CLANG_ENABLE_MODULES = YES;
				CLANG_ENABLE_OBJC_ARC = YES;
				CLANG_ENABLE_OBJC_WEAK = YES;
				CLANG_WARN_BLOCK_CAPTURE_AUTORELEASING = YES;
				CLANG_WARN_BOOL_CONVERSION = YES;
				CLANG_WARN_COMMA = YES;
				CLANG_WARN_CONSTANT_CONVERSION = YES;
				CLANG_WARN_DEPRECATED_OBJC_IMPLEMENTATIONS = YES;
				CLANG_WARN_DIRECT_OBJC_ISA_USAGE = YES_ERROR;
				CLANG_WARN_DOCUMENTATION_COMMENTS = YES;
				CLANG_WARN_EMPTY_BODY = YES;
				CLANG_WARN_ENUM_CONVERSION = YES;
				CLANG_WARN_INFINITE_RECURSION = YES;
				CLANG_WARN_INT_CONVERSION = YES;
				CLANG_WARN_NON_LITERAL_NULL_CONVERSION = YES;
				CLANG_WARN_OBJC_IMPLICIT_RETAIN_SELF = YES;
				CLANG_WARN_OBJC_LITERAL_CONVERSION = YES;
				CLANG_WARN_OBJC_ROOT_CLASS = YES_ERROR;
				CLANG_WARN_QUOTED_INCLUDE_IN_FRAMEWORK_HEADER = YES;
				CLANG_WARN_RANGE_LOOP_ANALYSIS = YES;
				CLANG_WARN_STRICT_PROTOTYPES = YES;
				CLANG_WARN_SUSPICIOUS_MOVE = YES;
				CLANG_WARN_UNGUARDED_AVAILABILITY = YES_AGGRESSIVE;
				CLANG_WARN_UNREACHABLE_CODE = YES;
				CLANG_WARN__DUPLICATE_METHOD_MATCH = YES;
				COPY_PHASE_STRIP = NO;
				DEBUG_INFORMATION_FORMAT = "dwarf-with-dsym";
				ENABLE_NS_ASSERTIONS = NO;
				ENABLE_STRICT_OBJC_MSGSEND = YES;
				ENABLE_USER_SCRIPT_SANDBOXING = YES;
				GCC_C_LANGUAGE_STANDARD = gnu17;
				GCC_NO_COMMON_BLOCKS = YES;
				GCC_WARN_64_TO_32_BIT_CONVERSION = YES;
				GCC_WARN_ABOUT_RETURN_TYPE = YES_ERROR;
				GCC_WARN_UNDECLARED_SELECTOR = YES;
				GCC_WARN_UNINITIALIZED_AUTOS = YES_AGGRESSIVE;
				GCC_WARN_UNUSED_FUNCTION = YES;
				GCC_WARN_UNUSED_VARIABLE = YES;
				LOCALIZATION_PREFERS_STRING_CATALOGS = YES;
				MACOSX_DEPLOYMENT_TARGET = 15.1;
				MTL_ENABLE_DEBUG_INFO = NO;
				MTL_FAST_MATH = YES;
				SDKROOT = macosx;
				SWIFT_COMPILATION_MODE = wholemodule;
			};
			name = Release;
		};
		E919E4DC2CED73D7009B4B01 /* Debug */ = {
			isa = XCBuildConfiguration;
			buildSettings = {
				ASSETCATALOG_COMPILER_APPICON_NAME = AppIcon;
				ASSETCATALOG_COMPILER_GLOBAL_ACCENT_COLOR_NAME = AccentColor;
				CODE_SIGN_ENTITLEMENTS = MachInjectorExample/MachInjectorExample.entitlements;
				CODE_SIGN_STYLE = Automatic;
				COMBINE_HIDPI_IMAGES = YES;
				CURRENT_PROJECT_VERSION = 1;
				DEVELOPMENT_TEAM = D5Q73692VW;
				ENABLE_HARDENED_RUNTIME = YES;
				GENERATE_INFOPLIST_FILE = YES;
				INFOPLIST_FILE = MachInjectorExample/Info.plist;
				INFOPLIST_KEY_NSHumanReadableCopyright = "";
				INFOPLIST_KEY_NSMainStoryboardFile = Main;
				INFOPLIST_KEY_NSPrincipalClass = NSApplication;
				LD_RUNPATH_SEARCH_PATHS = (
					"$(inherited)",
					"@executable_path/../Frameworks",
				);
				MACOSX_DEPLOYMENT_TARGET = 12.0;
				MARKETING_VERSION = 1.0;
				PRODUCT_BUNDLE_IDENTIFIER = com.JH.MachInjectorExample;
				PRODUCT_NAME = "$(TARGET_NAME)";
				SWIFT_EMIT_LOC_STRINGS = YES;
				SWIFT_VERSION = 5.0;
			};
			name = Debug;
		};
		E919E4DD2CED73D7009B4B01 /* Release */ = {
			isa = XCBuildConfiguration;
			buildSettings = {
				ASSETCATALOG_COMPILER_APPICON_NAME = AppIcon;
				ASSETCATALOG_COMPILER_GLOBAL_ACCENT_COLOR_NAME = AccentColor;
				CODE_SIGN_ENTITLEMENTS = MachInjectorExample/MachInjectorExample.entitlements;
				CODE_SIGN_STYLE = Automatic;
				COMBINE_HIDPI_IMAGES = YES;
				CURRENT_PROJECT_VERSION = 1;
				DEVELOPMENT_TEAM = D5Q73692VW;
				ENABLE_HARDENED_RUNTIME = YES;
				GENERATE_INFOPLIST_FILE = YES;
				INFOPLIST_FILE = MachInjectorExample/Info.plist;
				INFOPLIST_KEY_NSHumanReadableCopyright = "";
				INFOPLIST_KEY_NSMainStoryboardFile = Main;
				INFOPLIST_KEY_NSPrincipalClass = NSApplication;
				LD_RUNPATH_SEARCH_PATHS = (
					"$(inherited)",
					"@executable_path/../Frameworks",
				);
				MACOSX_DEPLOYMENT_TARGET = 12.0;
				MARKETING_VERSION = 1.0;
				PRODUCT_BUNDLE_IDENTIFIER = com.JH.MachInjectorExample;
				PRODUCT_NAME = "$(TARGET_NAME)";
				SWIFT_EMIT_LOC_STRINGS = YES;
				SWIFT_VERSION = 5.0;
			};
			name = Release;
		};
		E919E51E2CEDE90C009B4B01 /* Debug */ = {
			isa = XCBuildConfiguration;
			baseConfigurationReference = E957BC4D2CEF1DA50021E76F /* Config.xcconfig */;
			buildSettings = {
				CODE_SIGN_STYLE = Automatic;
				CREATE_INFOPLIST_SECTION_IN_BINARY = NO;
				DEVELOPMENT_TEAM = D5Q73692VW;
				ENABLE_HARDENED_RUNTIME = YES;
				INFOPLIST_FILE = "";
				MACOSX_DEPLOYMENT_TARGET = 12.0;
				PRODUCT_BUNDLE_IDENTIFIER = com.machinjector.example.injectd;
				PRODUCT_NAME = "$(TARGET_NAME)";
				SWIFT_VERSION = 5.0;
			};
			name = Debug;
		};
		E919E51F2CEDE90C009B4B01 /* Release */ = {
			isa = XCBuildConfiguration;
			baseConfigurationReference = E957BC4D2CEF1DA50021E76F /* Config.xcconfig */;
			buildSettings = {
				CODE_SIGN_STYLE = Automatic;
				CREATE_INFOPLIST_SECTION_IN_BINARY = NO;
				DEVELOPMENT_TEAM = D5Q73692VW;
				ENABLE_HARDENED_RUNTIME = YES;
				INFOPLIST_FILE = "";
				MACOSX_DEPLOYMENT_TARGET = 12.0;
				PRODUCT_BUNDLE_IDENTIFIER = com.machinjector.example.injectd;
				PRODUCT_NAME = "$(TARGET_NAME)";
				SWIFT_VERSION = 5.0;
			};
			name = Release;
		};
		E97E5EC12CF0FB35006B11AA /* Debug */ = {
			isa = XCBuildConfiguration;
			buildSettings = {
				CODE_SIGN_STYLE = Automatic;
				COMBINE_HIDPI_IMAGES = YES;
				CURRENT_PROJECT_VERSION = 1;
				DEFINES_MODULE = YES;
				DEVELOPMENT_TEAM = D5Q73692VW;
				DYLIB_COMPATIBILITY_VERSION = 1;
				DYLIB_CURRENT_VERSION = 1;
				DYLIB_INSTALL_NAME_BASE = "@rpath";
				ENABLE_MODULE_VERIFIER = NO;
				GENERATE_INFOPLIST_FILE = YES;
				INFOPLIST_KEY_NSHumanReadableCopyright = "";
				INSTALL_PATH = "$(LOCAL_LIBRARY_DIR)/Frameworks";
				LD_RUNPATH_SEARCH_PATHS = (
					"$(inherited)",
					"@executable_path/../Frameworks",
					"@loader_path/Frameworks",
				);
				MACOSX_DEPLOYMENT_TARGET = 12.0;
				MARKETING_VERSION = 1.0;
				MODULE_VERIFIER_SUPPORTED_LANGUAGES = "objective-c objective-c++";
				MODULE_VERIFIER_SUPPORTED_LANGUAGE_STANDARDS = "gnu17 gnu++20";
				PRODUCT_BUNDLE_IDENTIFIER = com.JH.TestFramework;
				PRODUCT_NAME = "$(TARGET_NAME:c99extidentifier)";
				SKIP_INSTALL = YES;
				SWIFT_EMIT_LOC_STRINGS = YES;
				VERSIONING_SYSTEM = "apple-generic";
				VERSION_INFO_PREFIX = "";
			};
			name = Debug;
		};
		E97E5EC22CF0FB35006B11AA /* Release */ = {
			isa = XCBuildConfiguration;
			buildSettings = {
				CODE_SIGN_STYLE = Automatic;
				COMBINE_HIDPI_IMAGES = YES;
				CURRENT_PROJECT_VERSION = 1;
				DEFINES_MODULE = YES;
				DEVELOPMENT_TEAM = D5Q73692VW;
				DYLIB_COMPATIBILITY_VERSION = 1;
				DYLIB_CURRENT_VERSION = 1;
				DYLIB_INSTALL_NAME_BASE = "@rpath";
				ENABLE_MODULE_VERIFIER = NO;
				GENERATE_INFOPLIST_FILE = YES;
				INFOPLIST_KEY_NSHumanReadableCopyright = "";
				INSTALL_PATH = "$(LOCAL_LIBRARY_DIR)/Frameworks";
				LD_RUNPATH_SEARCH_PATHS = (
					"$(inherited)",
					"@executable_path/../Frameworks",
					"@loader_path/Frameworks",
				);
				MACOSX_DEPLOYMENT_TARGET = 12.0;
				MARKETING_VERSION = 1.0;
				MODULE_VERIFIER_SUPPORTED_LANGUAGES = "objective-c objective-c++";
				MODULE_VERIFIER_SUPPORTED_LANGUAGE_STANDARDS = "gnu17 gnu++20";
				PRODUCT_BUNDLE_IDENTIFIER = com.JH.TestFramework;
				PRODUCT_NAME = "$(TARGET_NAME:c99extidentifier)";
				SKIP_INSTALL = YES;
				SWIFT_EMIT_LOC_STRINGS = YES;
				VERSIONING_SYSTEM = "apple-generic";
				VERSION_INFO_PREFIX = "";
			};
			name = Release;
		};
/* End XCBuildConfiguration section */

/* Begin XCConfigurationList section */
		E919E4C72CED73D6009B4B01 /* Build configuration list for PBXProject "MachInjectorExample" */ = {
			isa = XCConfigurationList;
			buildConfigurations = (
				E919E4D92CED73D7009B4B01 /* Debug */,
				E919E4DA2CED73D7009B4B01 /* Release */,
			);
			defaultConfigurationIsVisible = 0;
			defaultConfigurationName = Release;
		};
		E919E4DB2CED73D7009B4B01 /* Build configuration list for PBXNativeTarget "MachInjectorExample" */ = {
			isa = XCConfigurationList;
			buildConfigurations = (
				E919E4DC2CED73D7009B4B01 /* Debug */,
				E919E4DD2CED73D7009B4B01 /* Release */,
			);
			defaultConfigurationIsVisible = 0;
			defaultConfigurationName = Release;
		};
		E919E51D2CEDE90C009B4B01 /* Build configuration list for PBXNativeTarget "com.machinjector.example.injectd" */ = {
			isa = XCConfigurationList;
			buildConfigurations = (
				E919E51E2CEDE90C009B4B01 /* Debug */,
				E919E51F2CEDE90C009B4B01 /* Release */,
			);
			defaultConfigurationIsVisible = 0;
			defaultConfigurationName = Release;
		};
		E97E5EC42CF0FB35006B11AA /* Build configuration list for PBXNativeTarget "TestFramework" */ = {
			isa = XCConfigurationList;
			buildConfigurations = (
				E97E5EC12CF0FB35006B11AA /* Debug */,
				E97E5EC22CF0FB35006B11AA /* Release */,
			);
			defaultConfigurationIsVisible = 0;
			defaultConfigurationName = Release;
		};
/* End XCConfigurationList section */

/* Begin XCLocalSwiftPackageReference section */
		E919E5102CEDE66A009B4B01 /* XCLocalSwiftPackageReference "../../../MachInjector" */ = {
			isa = XCLocalSwiftPackageReference;
			relativePath = ../../../MachInjector;
		};
/* End XCLocalSwiftPackageReference section */

/* Begin XCRemoteSwiftPackageReference section */
		E938442D2CF01E00004916A8 /* XCRemoteSwiftPackageReference "SMJobKit" */ = {
			isa = XCRemoteSwiftPackageReference;
			repositoryURL = "https://github.com/IngmarStein/SMJobKit";
			requirement = {
				branch = main;
				kind = branch;
			};
		};
		E96CB4B62CEF970100C3DE77 /* XCRemoteSwiftPackageReference "SwiftyXPC" */ = {
			isa = XCRemoteSwiftPackageReference;
			repositoryURL = "https://github.com/MxIris-macOS-Library-Forks/SwiftyXPC";
			requirement = {
				branch = main;
				kind = branch;
			};
		};
		E96CB4B92CEF971700C3DE77 /* XCRemoteSwiftPackageReference "LaunchServicesPrivate" */ = {
			isa = XCRemoteSwiftPackageReference;
			repositoryURL = "https://github.com/MxIris-Reverse-Engineering/LaunchServicesPrivate";
			requirement = {
				branch = main;
				kind = branch;
			};
		};
/* End XCRemoteSwiftPackageReference section */

/* Begin XCSwiftPackageProductDependency section */
		E919E5132CEDE66A009B4B01 /* MachInjectorUI */ = {
			isa = XCSwiftPackageProductDependency;
			productName = MachInjectorUI;
		};
		E93844292CF01AEA004916A8 /* XPCBridge */ = {
			isa = XCSwiftPackageProductDependency;
			productName = XPCBridge;
		};
		E938442B2CF01AF8004916A8 /* XPCBridge */ = {
			isa = XCSwiftPackageProductDependency;
			productName = XPCBridge;
		};
		E938442E2CF01E00004916A8 /* SMJobKit */ = {
			isa = XCSwiftPackageProductDependency;
			package = E938442D2CF01E00004916A8 /* XCRemoteSwiftPackageReference "SMJobKit" */;
			productName = SMJobKit;
		};
		E9668FFD2CEF8D8D007B344A /* MachInjector */ = {
			isa = XCSwiftPackageProductDependency;
			package = E919E5102CEDE66A009B4B01 /* XCLocalSwiftPackageReference "../../../MachInjector" */;
			productName = MachInjector;
		};
		E96CB4B72CEF970100C3DE77 /* SwiftyXPC */ = {
			isa = XCSwiftPackageProductDependency;
			package = E96CB4B62CEF970100C3DE77 /* XCRemoteSwiftPackageReference "SwiftyXPC" */;
			productName = SwiftyXPC;
		};
		E96CB4BA2CEF971700C3DE77 /* LaunchServicesPrivate */ = {
			isa = XCSwiftPackageProductDependency;
			package = E96CB4B92CEF971700C3DE77 /* XCRemoteSwiftPackageReference "LaunchServicesPrivate" */;
			productName = LaunchServicesPrivate;
		};
		E96CB4BC2CEF972C00C3DE77 /* SwiftyXPC */ = {
			isa = XCSwiftPackageProductDependency;
			package = E96CB4B62CEF970100C3DE77 /* XCRemoteSwiftPackageReference "SwiftyXPC" */;
			productName = SwiftyXPC;
		};
/* End XCSwiftPackageProductDependency section */
	};
	rootObject = E919E4C42CED73D6009B4B01 /* Project object */;
}
