{
  "originHash" : "4c07e935be583380a068d18caf4232e9dea77efd1d512a91b828bf0fce01afd7",
  "pins" : [
    {
      "identity" : "launchservicesprivate",
      "kind" : "remoteSourceControl",
      "location" : "https://github.com/MxIris-Reverse-Engineering/LaunchServicesPrivate",
      "state" : {
        "branch" : "main",
        "revision" : "ee6dbcf2f13176c005337b37ba88431d40458a2b"
      }
    },
    {
      "identity" : "runningapplicationkit",
      "kind" : "remoteSourceControl",
      "location" : "https://github.com/Mx-Iris/RunningApplicationKit",
      "state" : {
        "branch" : "main",
        "revision" : "5ff991e2b32445cebce2514fbc428594dfa092cd"
      }
    },
    {
      "identity" : "swiftyxpc",
      "kind" : "remoteSourceControl",
      "location" : "https://github.com/MxIris-macOS-Library-Forks/SwiftyXPC",
      "state" : {
        "branch" : "main",
        "revision" : "d56672e7939ae929e94d4ea66da3fc527a69724e"
      }
    }
  ],
  "version" : 3
}
