{
  "originHash" : "9d41b6920ad1c8fa70e1e553865d50cfe53894ca0977e244f4671f1ad1e623fe",
  "pins" : [
    {
      "identity" : "launchservicesprivate",
      "kind" : "remoteSourceControl",
      "location" : "https://github.com/MxIris-Reverse-Engineering/LaunchServicesPrivate",
      "state" : {
        "branch" : "main",
        "revision" : "ee6dbcf2f13176c005337b37ba88431d40458a2b"
      }
    },
    {
      "identity" : "runningapplicationkit",
      "kind" : "remoteSourceControl",
      "location" : "https://github.com/Mx-Iris/RunningApplicationKit",
      "state" : {
        "branch" : "main",
        "revision" : "e65e9ff6597750cbfa826d8c493089fef282ed9a"
      }
    },
    {
      "identity" : "swiftyxpc",
      "kind" : "remoteSourceControl",
      "location" : "https://github.com/MxIris-macOS-Library-Forks/SwiftyXPC",
      "state" : {
        "branch" : "main",
        "revision" : "d56672e7939ae929e94d4ea66da3fc527a69724e"
      }
    }
  ],
  "version" : 3
}
