{
  "originHash" : "6794d82862b27e0f60e8ee04c9fc685d056c30f3647ba9f15ae6870c7293ffd6",
  "pins" : [
    {
      "identity" : "launchservicesprivate",
      "kind" : "remoteSourceControl",
      "location" : "https://github.com/MxIris-Reverse-Engineering/LaunchServicesPrivate",
      "state" : {
        "branch" : "main",
        "revision" : "43f86091bdc665253af8bdef517258b51916e438"
      }
    }
  ],
  "version" : 3
}
